
Microsoft Visual Studio Solution File, Format Version 12.00
# Visual Studio 2010
Project("{FAE04EC0-301F-11D3-BF4B-00C04F79EFBC}") = "RomanNumeral", "RomanNumeral\RomanNumeral.csproj", "{946B33E4-8A06-4644-B412-5AFAF6E4B5D1}"
EndProject
Project("{FAE04EC0-301F-11D3-BF4B-00C04F79EFBC}") = "RomanNumberNotCommon", "RomanNumberNotCommon\RomanNumberNotCommon.csproj", "{DEA15FFA-6E7E-4FD3-85BE-AFC07BD1D106}"
EndProject
Global
	GlobalSection(SolutionConfigurationPlatforms) = preSolution
		Debug|Any CPU = Debug|Any CPU
		Release|Any CPU = Release|Any CPU
	EndGlobalSection
	GlobalSection(ProjectConfigurationPlatforms) = postSolution
		{946B33E4-8A06-4644-B412-5AFAF6E4B5D1}.Debug|Any CPU.ActiveCfg = Debug|Any CPU
		{946B33E4-8A06-4644-B412-5AFAF6E4B5D1}.Debug|Any CPU.Build.0 = Debug|Any CPU
		{946B33E4-8A06-4644-B412-5AFAF6E4B5D1}.Release|Any CPU.ActiveCfg = Release|Any CPU
		{946B33E4-8A06-4644-B412-5AFAF6E4B5D1}.Release|Any CPU.Build.0 = Release|Any CPU
		{DEA15FFA-6E7E-4FD3-85BE-AFC07BD1D106}.Debug|Any CPU.ActiveCfg = Debug|Any CPU
		{DEA15FFA-6E7E-4FD3-85BE-AFC07BD1D106}.Debug|Any CPU.Build.0 = Debug|Any CPU
		{DEA15FFA-6E7E-4FD3-85BE-AFC07BD1D106}.Release|Any CPU.ActiveCfg = Release|Any CPU
		{DEA15FFA-6E7E-4FD3-85BE-AFC07BD1D106}.Release|Any CPU.Build.0 = Release|Any CPU
	EndGlobalSection
	GlobalSection(SolutionProperties) = preSolution
		HideSolutionNode = FALSE
	EndGlobalSection
EndGlobal
